<?xml version="1.0" encoding="UTF-8"?>
<Scheme
   LastUpgradeVersion = "1010"
   version = "1.3">
   <BuildAction
      parallelizeBuildables = "YES"
      buildImplicitDependencies = "YES">
      <BuildActionEntries>
         <BuildActionEntry
            buildForTesting = "YES"
            buildForRunning = "YES"
            buildForProfiling = "YES"
            buildForArchiving = "YES"
            buildForAnalyzing = "YES">
            <BuildableReference
               BuildableIdentifier = "primary"
               BlueprintIdentifier = "8ACE440811157266EAECE4E1"
               BuildableName = "Authentication.app"
               BlueprintName = "Authentication"
               ReferencedContainer = "container:Projects/Authentication/Authentication.xcodeproj">
            </BuildableReference>
         </BuildActionEntry>
         <BuildActionEntry
            buildForTesting = "YES"
            buildForRunning = "YES"
            buildForProfiling = "YES"
            buildForArchiving = "YES"
            buildForAnalyzing = "YES">
            <BuildableReference
               BuildableIdentifier = "primary"
               BlueprintIdentifier = "0A127983D1C15F417B93B141"
               BuildableName = "AuthenticationKit.framework"
               BlueprintName = "AuthenticationKit"
               ReferencedContainer = "container:Projects/Authentication/Authentication.xcodeproj">
            </BuildableReference>
         </BuildActionEntry>
         <BuildActionEntry
            buildForTesting = "YES"
            buildForRunning = "YES"
            buildForProfiling = "YES"
            buildForArchiving = "YES"
            buildForAnalyzing = "YES">
            <BuildableReference
               BuildableIdentifier = "primary"
               BlueprintIdentifier = "A4F53C898CD67DA4BD13FC3D"
               BuildableName = "AuthenticationKitTests.xctest"
               BlueprintName = "AuthenticationKitTests"
               ReferencedContainer = "container:Projects/Authentication/Authentication.xcodeproj">
            </BuildableReference>
         </BuildActionEntry>
         <BuildActionEntry
            buildForTesting = "YES"
            buildForRunning = "YES"
            buildForProfiling = "YES"
            buildForArchiving = "YES"
            buildForAnalyzing = "YES">
            <BuildableReference
               BuildableIdentifier = "primary"
               BlueprintIdentifier = "9DDC634AE1E38C7FBA93CCA8"
               BuildableName = "AuthenticationTests.xctest"
               BlueprintName = "AuthenticationTests"
               ReferencedContainer = "container:Projects/Authentication/Authentication.xcodeproj">
            </BuildableReference>
         </BuildActionEntry>
         <BuildActionEntry
            buildForTesting = "YES"
            buildForRunning = "YES"
            buildForProfiling = "YES"
            buildForArchiving = "YES"
            buildForAnalyzing = "YES">
            <BuildableReference
               BuildableIdentifier = "primary"
               BlueprintIdentifier = "4F343AE12BFFDD7389B026D6"
               BuildableName = "AuthenticationUI.framework"
               BlueprintName = "AuthenticationUI"
               ReferencedContainer = "container:Projects/Authentication/Authentication.xcodeproj">
            </BuildableReference>
         </BuildActionEntry>
         <BuildActionEntry
            buildForTesting = "YES"
            buildForRunning = "YES"
            buildForProfiling = "YES"
            buildForArchiving = "YES"
            buildForAnalyzing = "YES">
            <BuildableReference
               BuildableIdentifier = "primary"
               BlueprintIdentifier = "BF8A9B30A5488A03E9E07446"
               BuildableName = "AuthenticationUITests.xctest"
               BlueprintName = "AuthenticationUITests"
               ReferencedContainer = "container:Projects/Authentication/Authentication.xcodeproj">
            </BuildableReference>
         </BuildActionEntry>
         <BuildActionEntry
            buildForTesting = "YES"
            buildForRunning = "YES"
            buildForProfiling = "YES"
            buildForArchiving = "YES"
            buildForAnalyzing = "YES">
            <BuildableReference
               BuildableIdentifier = "primary"
               BlueprintIdentifier = "1B17A59E6A78A677FFC8DAE2"
               BuildableName = "CoreKit.framework"
               BlueprintName = "CoreKit"
               ReferencedContainer = "container:Projects/Core/Core.xcodeproj">
            </BuildableReference>
         </BuildActionEntry>
         <BuildActionEntry
            buildForTesting = "YES"
            buildForRunning = "YES"
            buildForProfiling = "YES"
            buildForArchiving = "YES"
            buildForAnalyzing = "YES">
            <BuildableReference
               BuildableIdentifier = "primary"
               BlueprintIdentifier = "83C9B5D1938C22907FF6E247"
               BuildableName = "DesignSystem.app"
               BlueprintName = "DesignSystem"
               ReferencedContainer = "container:Projects/DesignSystem/DesignSystem.xcodeproj">
            </BuildableReference>
         </BuildActionEntry>
         <BuildActionEntry
            buildForTesting = "YES"
            buildForRunning = "YES"
            buildForProfiling = "YES"
            buildForArchiving = "YES"
            buildForAnalyzing = "YES">
            <BuildableReference
               BuildableIdentifier = "primary"
               BlueprintIdentifier = "BBE6C8B7DF73AF747B640F23"
               BuildableName = "DesignSystemKit.framework"
               BlueprintName = "DesignSystemKit"
               ReferencedContainer = "container:Projects/DesignSystem/DesignSystem.xcodeproj">
            </BuildableReference>
         </BuildActionEntry>
         <BuildActionEntry
            buildForTesting = "YES"
            buildForRunning = "YES"
            buildForProfiling = "YES"
            buildForArchiving = "YES"
            buildForAnalyzing = "YES">
            <BuildableReference
               BuildableIdentifier = "primary"
               BlueprintIdentifier = "43238B1DE61CEE05E274B868"
               BuildableName = "DesignSystemKitTests.xctest"
               BlueprintName = "DesignSystemKitTests"
               ReferencedContainer = "container:Projects/DesignSystem/DesignSystem.xcodeproj">
            </BuildableReference>
         </BuildActionEntry>
         <BuildActionEntry
            buildForTesting = "YES"
            buildForRunning = "YES"
            buildForProfiling = "YES"
            buildForArchiving = "YES"
            buildForAnalyzing = "YES">
            <BuildableReference
               BuildableIdentifier = "primary"
               BlueprintIdentifier = "0F708BB592F173C2660727CA"
               BuildableName = "DesignSystemTests.xctest"
               BlueprintName = "DesignSystemTests"
               ReferencedContainer = "container:Projects/DesignSystem/DesignSystem.xcodeproj">
            </BuildableReference>
         </BuildActionEntry>
         <BuildActionEntry
            buildForTesting = "YES"
            buildForRunning = "YES"
            buildForProfiling = "YES"
            buildForArchiving = "YES"
            buildForAnalyzing = "YES">
            <BuildableReference
               BuildableIdentifier = "primary"
               BlueprintIdentifier = "BB6BB97008B934B37BDCBBAA"
               BuildableName = "DesignSystemUI.framework"
               BlueprintName = "DesignSystemUI"
               ReferencedContainer = "container:Projects/DesignSystem/DesignSystem.xcodeproj">
            </BuildableReference>
         </BuildActionEntry>
         <BuildActionEntry
            buildForTesting = "YES"
            buildForRunning = "YES"
            buildForProfiling = "YES"
            buildForArchiving = "YES"
            buildForAnalyzing = "YES">
            <BuildableReference
               BuildableIdentifier = "primary"
               BlueprintIdentifier = "22296878A9434DD004037C62"
               BuildableName = "DesignSystemUITests.xctest"
               BlueprintName = "DesignSystemUITests"
               ReferencedContainer = "container:Projects/DesignSystem/DesignSystem.xcodeproj">
            </BuildableReference>
         </BuildActionEntry>
         <BuildActionEntry
            buildForTesting = "YES"
            buildForRunning = "YES"
            buildForProfiling = "YES"
            buildForArchiving = "YES"
            buildForAnalyzing = "YES">
            <BuildableReference
               BuildableIdentifier = "primary"
               BlueprintIdentifier = "52E844066D197E3B81FA748F"
               BuildableName = "Home.app"
               BlueprintName = "Home"
               ReferencedContainer = "container:Projects/Home/Home.xcodeproj">
            </BuildableReference>
         </BuildActionEntry>
         <BuildActionEntry
            buildForTesting = "YES"
            buildForRunning = "YES"
            buildForProfiling = "YES"
            buildForArchiving = "YES"
            buildForAnalyzing = "YES">
            <BuildableReference
               BuildableIdentifier = "primary"
               BlueprintIdentifier = "44AE42BBF0CB8D95C54DDA61"
               BuildableName = "HomeKit.framework"
               BlueprintName = "HomeKit"
               ReferencedContainer = "container:Projects/Home/Home.xcodeproj">
            </BuildableReference>
         </BuildActionEntry>
         <BuildActionEntry
            buildForTesting = "YES"
            buildForRunning = "YES"
            buildForProfiling = "YES"
            buildForArchiving = "YES"
            buildForAnalyzing = "YES">
            <BuildableReference
               BuildableIdentifier = "primary"
               BlueprintIdentifier = "125ADC7CB9CEBCC41107F0C7"
               BuildableName = "HomeKitTests.xctest"
               BlueprintName = "HomeKitTests"
               ReferencedContainer = "container:Projects/Home/Home.xcodeproj">
            </BuildableReference>
         </BuildActionEntry>
         <BuildActionEntry
            buildForTesting = "YES"
            buildForRunning = "YES"
            buildForProfiling = "YES"
            buildForArchiving = "YES"
            buildForAnalyzing = "YES">
            <BuildableReference
               BuildableIdentifier = "primary"
               BlueprintIdentifier = "AF31213DA71B06E9B09EA3F0"
               BuildableName = "HomeTests.xctest"
               BlueprintName = "HomeTests"
               ReferencedContainer = "container:Projects/Home/Home.xcodeproj">
            </BuildableReference>
         </BuildActionEntry>
         <BuildActionEntry
            buildForTesting = "YES"
            buildForRunning = "YES"
            buildForProfiling = "YES"
            buildForArchiving = "YES"
            buildForAnalyzing = "YES">
            <BuildableReference
               BuildableIdentifier = "primary"
               BlueprintIdentifier = "B1EB1C5E875128C19CBED326"
               BuildableName = "HomeUI.framework"
               BlueprintName = "HomeUI"
               ReferencedContainer = "container:Projects/Home/Home.xcodeproj">
            </BuildableReference>
         </BuildActionEntry>
         <BuildActionEntry
            buildForTesting = "YES"
            buildForRunning = "YES"
            buildForProfiling = "YES"
            buildForArchiving = "YES"
            buildForAnalyzing = "YES">
            <BuildableReference
               BuildableIdentifier = "primary"
               BlueprintIdentifier = "241D8492597C25195510B444"
               BuildableName = "HomeUITests.xctest"
               BlueprintName = "HomeUITests"
               ReferencedContainer = "container:Projects/Home/Home.xcodeproj">
            </BuildableReference>
         </BuildActionEntry>
         <BuildActionEntry
            buildForTesting = "YES"
            buildForRunning = "YES"
            buildForProfiling = "YES"
            buildForArchiving = "YES"
            buildForAnalyzing = "YES">
            <BuildableReference
               BuildableIdentifier = "primary"
               BlueprintIdentifier = "10BC0BAF427BB570BB3E5632"
               BuildableName = "Main.app"
               BlueprintName = "Main"
               ReferencedContainer = "container:Projects/Main/Main.xcodeproj">
            </BuildableReference>
         </BuildActionEntry>
         <BuildActionEntry
            buildForTesting = "YES"
            buildForRunning = "YES"
            buildForProfiling = "YES"
            buildForArchiving = "YES"
            buildForAnalyzing = "YES">
            <BuildableReference
               BuildableIdentifier = "primary"
               BlueprintIdentifier = "29F166C1612F6D65E6EAD12E"
               BuildableName = "MainKit.framework"
               BlueprintName = "MainKit"
               ReferencedContainer = "container:Projects/Main/Main.xcodeproj">
            </BuildableReference>
         </BuildActionEntry>
         <BuildActionEntry
            buildForTesting = "YES"
            buildForRunning = "YES"
            buildForProfiling = "YES"
            buildForArchiving = "YES"
            buildForAnalyzing = "YES">
            <BuildableReference
               BuildableIdentifier = "primary"
               BlueprintIdentifier = "6F7B9B7CE4EBFF4998DA553C"
               BuildableName = "MainKitTests.xctest"
               BlueprintName = "MainKitTests"
               ReferencedContainer = "container:Projects/Main/Main.xcodeproj">
            </BuildableReference>
         </BuildActionEntry>
         <BuildActionEntry
            buildForTesting = "YES"
            buildForRunning = "YES"
            buildForProfiling = "YES"
            buildForArchiving = "YES"
            buildForAnalyzing = "YES">
            <BuildableReference
               BuildableIdentifier = "primary"
               BlueprintIdentifier = "AADF4EFEC0E3930FB99C64F4"
               BuildableName = "MainTests.xctest"
               BlueprintName = "MainTests"
               ReferencedContainer = "container:Projects/Main/Main.xcodeproj">
            </BuildableReference>
         </BuildActionEntry>
         <BuildActionEntry
            buildForTesting = "YES"
            buildForRunning = "YES"
            buildForProfiling = "YES"
            buildForArchiving = "YES"
            buildForAnalyzing = "YES">
            <BuildableReference
               BuildableIdentifier = "primary"
               BlueprintIdentifier = "7AB141E8E57E682F1E117E26"
               BuildableName = "MainUI.framework"
               BlueprintName = "MainUI"
               ReferencedContainer = "container:Projects/Main/Main.xcodeproj">
            </BuildableReference>
         </BuildActionEntry>
         <BuildActionEntry
            buildForTesting = "YES"
            buildForRunning = "YES"
            buildForProfiling = "YES"
            buildForArchiving = "YES"
            buildForAnalyzing = "YES">
            <BuildableReference
               BuildableIdentifier = "primary"
               BlueprintIdentifier = "C386C492042262DABFB7578F"
               BuildableName = "MainUITests.xctest"
               BlueprintName = "MainUITests"
               ReferencedContainer = "container:Projects/Main/Main.xcodeproj">
            </BuildableReference>
         </BuildActionEntry>
         <BuildActionEntry
            buildForTesting = "YES"
            buildForRunning = "YES"
            buildForProfiling = "YES"
            buildForArchiving = "YES"
            buildForAnalyzing = "YES">
            <BuildableReference
               BuildableIdentifier = "primary"
               BlueprintIdentifier = "4C6D1113DBB54676F22CC396"
               BuildableName = "Quiz.app"
               BlueprintName = "Quiz"
               ReferencedContainer = "container:Projects/Quiz/Quiz.xcodeproj">
            </BuildableReference>
         </BuildActionEntry>
         <BuildActionEntry
            buildForTesting = "YES"
            buildForRunning = "YES"
            buildForProfiling = "YES"
            buildForArchiving = "YES"
            buildForAnalyzing = "YES">
            <BuildableReference
               BuildableIdentifier = "primary"
               BlueprintIdentifier = "A3BA9A9C593194846344F921"
               BuildableName = "QuizKit.framework"
               BlueprintName = "QuizKit"
               ReferencedContainer = "container:Projects/Quiz/Quiz.xcodeproj">
            </BuildableReference>
         </BuildActionEntry>
         <BuildActionEntry
            buildForTesting = "YES"
            buildForRunning = "YES"
            buildForProfiling = "YES"
            buildForArchiving = "YES"
            buildForAnalyzing = "YES">
            <BuildableReference
               BuildableIdentifier = "primary"
               BlueprintIdentifier = "09DA829C4CF068A43709CC01"
               BuildableName = "QuizKitTests.xctest"
               BlueprintName = "QuizKitTests"
               ReferencedContainer = "container:Projects/Quiz/Quiz.xcodeproj">
            </BuildableReference>
         </BuildActionEntry>
         <BuildActionEntry
            buildForTesting = "YES"
            buildForRunning = "YES"
            buildForProfiling = "YES"
            buildForArchiving = "YES"
            buildForAnalyzing = "YES">
            <BuildableReference
               BuildableIdentifier = "primary"
               BlueprintIdentifier = "DC8CC11ACF462FE83C157A19"
               BuildableName = "QuizTests.xctest"
               BlueprintName = "QuizTests"
               ReferencedContainer = "container:Projects/Quiz/Quiz.xcodeproj">
            </BuildableReference>
         </BuildActionEntry>
         <BuildActionEntry
            buildForTesting = "YES"
            buildForRunning = "YES"
            buildForProfiling = "YES"
            buildForArchiving = "YES"
            buildForAnalyzing = "YES">
            <BuildableReference
               BuildableIdentifier = "primary"
               BlueprintIdentifier = "3078A58B12C96189D76806FC"
               BuildableName = "QuizUI.framework"
               BlueprintName = "QuizUI"
               ReferencedContainer = "container:Projects/Quiz/Quiz.xcodeproj">
            </BuildableReference>
         </BuildActionEntry>
         <BuildActionEntry
            buildForTesting = "YES"
            buildForRunning = "YES"
            buildForProfiling = "YES"
            buildForArchiving = "YES"
            buildForAnalyzing = "YES">
            <BuildableReference
               BuildableIdentifier = "primary"
               BlueprintIdentifier = "1947FDF2DB4D8E343455389A"
               BuildableName = "QuizUITests.xctest"
               BlueprintName = "QuizUITests"
               ReferencedContainer = "container:Projects/Quiz/Quiz.xcodeproj">
            </BuildableReference>
         </BuildActionEntry>
      </BuildActionEntries>
   </BuildAction>
   <TestAction
      buildConfiguration = "Debug"
      selectedDebuggerIdentifier = "Xcode.DebuggerFoundation.Debugger.LLDB"
      selectedLauncherIdentifier = "Xcode.DebuggerFoundation.Launcher.LLDB"
      shouldUseLaunchSchemeArgsEnv = "YES">
      <Testables>
         <TestableReference
            skipped = "NO">
            <BuildableReference
               BuildableIdentifier = "primary"
               BlueprintIdentifier = "A4F53C898CD67DA4BD13FC3D"
               BuildableName = "AuthenticationKitTests.xctest"
               BlueprintName = "AuthenticationKitTests"
               ReferencedContainer = "container:Projects/Authentication/Authentication.xcodeproj">
            </BuildableReference>
         </TestableReference>
         <TestableReference
            skipped = "NO">
            <BuildableReference
               BuildableIdentifier = "primary"
               BlueprintIdentifier = "9DDC634AE1E38C7FBA93CCA8"
               BuildableName = "AuthenticationTests.xctest"
               BlueprintName = "AuthenticationTests"
               ReferencedContainer = "container:Projects/Authentication/Authentication.xcodeproj">
            </BuildableReference>
         </TestableReference>
         <TestableReference
            skipped = "NO">
            <BuildableReference
               BuildableIdentifier = "primary"
               BlueprintIdentifier = "BF8A9B30A5488A03E9E07446"
               BuildableName = "AuthenticationUITests.xctest"
               BlueprintName = "AuthenticationUITests"
               ReferencedContainer = "container:Projects/Authentication/Authentication.xcodeproj">
            </BuildableReference>
         </TestableReference>
         <TestableReference
            skipped = "NO">
            <BuildableReference
               BuildableIdentifier = "primary"
               BlueprintIdentifier = "43238B1DE61CEE05E274B868"
               BuildableName = "DesignSystemKitTests.xctest"
               BlueprintName = "DesignSystemKitTests"
               ReferencedContainer = "container:Projects/DesignSystem/DesignSystem.xcodeproj">
            </BuildableReference>
         </TestableReference>
         <TestableReference
            skipped = "NO">
            <BuildableReference
               BuildableIdentifier = "primary"
               BlueprintIdentifier = "0F708BB592F173C2660727CA"
               BuildableName = "DesignSystemTests.xctest"
               BlueprintName = "DesignSystemTests"
               ReferencedContainer = "container:Projects/DesignSystem/DesignSystem.xcodeproj">
            </BuildableReference>
         </TestableReference>
         <TestableReference
            skipped = "NO">
            <BuildableReference
               BuildableIdentifier = "primary"
               BlueprintIdentifier = "22296878A9434DD004037C62"
               BuildableName = "DesignSystemUITests.xctest"
               BlueprintName = "DesignSystemUITests"
               ReferencedContainer = "container:Projects/DesignSystem/DesignSystem.xcodeproj">
            </BuildableReference>
         </TestableReference>
         <TestableReference
            skipped = "NO">
            <BuildableReference
               BuildableIdentifier = "primary"
               BlueprintIdentifier = "125ADC7CB9CEBCC41107F0C7"
               BuildableName = "HomeKitTests.xctest"
               BlueprintName = "HomeKitTests"
               ReferencedContainer = "container:Projects/Home/Home.xcodeproj">
            </BuildableReference>
         </TestableReference>
         <TestableReference
            skipped = "NO">
            <BuildableReference
               BuildableIdentifier = "primary"
               BlueprintIdentifier = "AF31213DA71B06E9B09EA3F0"
               BuildableName = "HomeTests.xctest"
               BlueprintName = "HomeTests"
               ReferencedContainer = "container:Projects/Home/Home.xcodeproj">
            </BuildableReference>
         </TestableReference>
         <TestableReference
            skipped = "NO">
            <BuildableReference
               BuildableIdentifier = "primary"
               BlueprintIdentifier = "241D8492597C25195510B444"
               BuildableName = "HomeUITests.xctest"
               BlueprintName = "HomeUITests"
               ReferencedContainer = "container:Projects/Home/Home.xcodeproj">
            </BuildableReference>
         </TestableReference>
         <TestableReference
            skipped = "NO">
            <BuildableReference
               BuildableIdentifier = "primary"
               BlueprintIdentifier = "6F7B9B7CE4EBFF4998DA553C"
               BuildableName = "MainKitTests.xctest"
               BlueprintName = "MainKitTests"
               ReferencedContainer = "container:Projects/Main/Main.xcodeproj">
            </BuildableReference>
         </TestableReference>
         <TestableReference
            skipped = "NO">
            <BuildableReference
               BuildableIdentifier = "primary"
               BlueprintIdentifier = "AADF4EFEC0E3930FB99C64F4"
               BuildableName = "MainTests.xctest"
               BlueprintName = "MainTests"
               ReferencedContainer = "container:Projects/Main/Main.xcodeproj">
            </BuildableReference>
         </TestableReference>
         <TestableReference
            skipped = "NO">
            <BuildableReference
               BuildableIdentifier = "primary"
               BlueprintIdentifier = "C386C492042262DABFB7578F"
               BuildableName = "MainUITests.xctest"
               BlueprintName = "MainUITests"
               ReferencedContainer = "container:Projects/Main/Main.xcodeproj">
            </BuildableReference>
         </TestableReference>
         <TestableReference
            skipped = "NO">
            <BuildableReference
               BuildableIdentifier = "primary"
               BlueprintIdentifier = "09DA829C4CF068A43709CC01"
               BuildableName = "QuizKitTests.xctest"
               BlueprintName = "QuizKitTests"
               ReferencedContainer = "container:Projects/Quiz/Quiz.xcodeproj">
            </BuildableReference>
         </TestableReference>
         <TestableReference
            skipped = "NO">
            <BuildableReference
               BuildableIdentifier = "primary"
               BlueprintIdentifier = "DC8CC11ACF462FE83C157A19"
               BuildableName = "QuizTests.xctest"
               BlueprintName = "QuizTests"
               ReferencedContainer = "container:Projects/Quiz/Quiz.xcodeproj">
            </BuildableReference>
         </TestableReference>
         <TestableReference
            skipped = "NO">
            <BuildableReference
               BuildableIdentifier = "primary"
               BlueprintIdentifier = "1947FDF2DB4D8E343455389A"
               BuildableName = "QuizUITests.xctest"
               BlueprintName = "QuizUITests"
               ReferencedContainer = "container:Projects/Quiz/Quiz.xcodeproj">
            </BuildableReference>
         </TestableReference>
      </Testables>
   </TestAction>
   <LaunchAction
      buildConfiguration = "Debug"
      selectedDebuggerIdentifier = "Xcode.DebuggerFoundation.Debugger.LLDB"
      selectedLauncherIdentifier = "Xcode.DebuggerFoundation.Launcher.LLDB"
      launchStyle = "0"
      useCustomWorkingDirectory = "NO"
      ignoresPersistentStateOnLaunch = "NO"
      debugDocumentVersioning = "YES"
      debugServiceExtension = "internal"
      allowLocationSimulation = "YES">
      <BuildableProductRunnable
         runnableDebuggingMode = "0">
         <BuildableReference
            BuildableIdentifier = "primary"
            BlueprintIdentifier = "8ACE440811157266EAECE4E1"
            BuildableName = "Authentication.app"
            BlueprintName = "Authentication"
            ReferencedContainer = "container:Projects/Authentication/Authentication.xcodeproj">
         </BuildableReference>
      </BuildableProductRunnable>
   </LaunchAction>
   <ProfileAction
      buildConfiguration = "Release"
      shouldUseLaunchSchemeArgsEnv = "YES"
      savedToolIdentifier = ""
      useCustomWorkingDirectory = "NO"
      debugDocumentVersioning = "YES">
      <BuildableProductRunnable
         runnableDebuggingMode = "0">
         <BuildableReference
            BuildableIdentifier = "primary"
            BlueprintIdentifier = "8ACE440811157266EAECE4E1"
            BuildableName = "Authentication.app"
            BlueprintName = "Authentication"
            ReferencedContainer = "container:Projects/Authentication/Authentication.xcodeproj">
         </BuildableReference>
      </BuildableProductRunnable>
   </ProfileAction>
   <AnalyzeAction
      buildConfiguration = "Debug">
   </AnalyzeAction>
   <ArchiveAction
      buildConfiguration = "Release"
      revealArchiveInOrganizer = "YES">
   </ArchiveAction>
</Scheme>
